
Microsoft Visual Studio Solution File, Format Version 12.00
Project("{FAE04EC0-301F-11D3-BF4B-00C04F79EFBC}") = "AtlyssCharacterMenuPlus", "AtlyssCharacterMenuPlus\AtlyssCharacterMenuPlus.csproj", "{EAB32857-C14A-49E4-9924-C7A73D8D063D}"
EndProject
Global
	GlobalSection(SolutionConfigurationPlatforms) = preSolution
		Debug|Any CPU = Debug|Any CPU
		Release|Any CPU = Release|Any CPU
	EndGlobalSection
	GlobalSection(ProjectConfigurationPlatforms) = postSolution
		{EAB32857-C14A-49E4-9924-C7A73D8D063D}.Debug|Any CPU.ActiveCfg = Debug|Any CPU
		{EAB32857-C14A-49E4-9924-C7A73D8D063D}.Debug|Any CPU.Build.0 = Debug|Any CPU
		{EAB32857-C14A-49E4-9924-C7A73D8D063D}.Release|Any CPU.ActiveCfg = Release|Any CPU
		{EAB32857-C14A-49E4-9924-C7A73D8D063D}.Release|Any CPU.Build.0 = Release|Any CPU
	EndGlobalSection
EndGlobal
